# This file was autogenerated by Stack.
# You should not edit this file by hand.
# For more information, please see the documentation at:
#   https://docs.haskellstack.org/en/stable/lock_files

packages:
- completed:
    name: hakyll
    version: 4.13.3.0
    git: https://github.com/flolac-tw/hakyll.git
    pantry-tree:
      size: 11874
      sha256: 56e30c4e625756ff478c379b7ca831d624ddc037e953aed7592452f599c8147a
    commit: f0eccab2a22a99c3dca12020dfb4ce189582be92
  original:
    git: https://github.com/flolac-tw/hakyll.git
    commit: f0eccab2a22a99c3dca12020dfb4ce189582be92
snapshots:
- completed:
    size: 533252
    url: https://raw.githubusercontent.com/commercialhaskell/stackage-snapshots/master/lts/16/27.yaml
    sha256: c2aaae52beeacf6a5727c1010f50e89d03869abfab6d2c2658ade9da8ed50c73
  original: lts-16.27
