# This file was autogenerated by Stack.
# You should not edit this file by hand.
# For more information, please see the documentation at:
#   https://docs.haskellstack.org/en/stable/lock_files

packages:
- completed:
    name: hakyll
    version: 4.13.3.0
    git: https://github.com/L-TChen/hakyll.git
    pantry-tree:
      size: 11874
      sha256: 56e30c4e625756ff478c379b7ca831d624ddc037e953aed7592452f599c8147a
    commit: f0eccab2a22a99c3dca12020dfb4ce189582be92
  original:
    git: https://github.com/L-TChen/hakyll.git
    commit: f0eccab2a22a99c3dca12020dfb4ce189582be92
snapshots:
- completed:
    size: 532380
    url: https://raw.githubusercontent.com/commercialhaskell/stackage-snapshots/master/lts/16/9.yaml
    sha256: 14a7cec114424e4286adde73364438927a553ed248cc50f069a30a67e3ee1e69
  original: lts-16.9
